
Microsoft Visual Studio Solution File, Format Version 12.00
# Visual Studio 15
VisualStudioVersion = 15.0.27703.2042
MinimumVisualStudioVersion = 10.0.40219.1
Project("{FAE04EC0-301F-11D3-BF4B-00C04F79EFBC}") = "UdpFileClient", "UdpFileClient\UdpFileClient.csproj", "{6685D5D2-2332-4D69-B664-DEC412156264}"
EndProject
Global
	GlobalSection(SolutionConfigurationPlatforms) = preSolution
		Debug|Any CPU = Debug|Any CPU
		Release|Any CPU = Release|Any CPU
	EndGlobalSection
	GlobalSection(ProjectConfigurationPlatforms) = postSolution
		{6685D5D2-2332-4D69-B664-DEC412156264}.Debug|Any CPU.ActiveCfg = Debug|Any CPU
		{6685D5D2-2332-4D69-B664-DEC412156264}.Debug|Any CPU.Build.0 = Debug|Any CPU
		{6685D5D2-2332-4D69-B664-DEC412156264}.Release|Any CPU.ActiveCfg = Release|Any CPU
		{6685D5D2-2332-4D69-B664-DEC412156264}.Release|Any CPU.Build.0 = Release|Any CPU
	EndGlobalSection
	GlobalSection(SolutionProperties) = preSolution
		HideSolutionNode = FALSE
	EndGlobalSection
	GlobalSection(ExtensibilityGlobals) = postSolution
		SolutionGuid = {66E219DA-64F4-44AD-B13B-B09B55BF27D4}
	EndGlobalSection
EndGlobal
